<?xml version="1.0" encoding="utf-8"?>
<Project ToolsVersion="4.0" xmlns="http://schemas.microsoft.com/developer/msbuild/2003">
  <ItemGroup>
    <Filter Include="Source Files">
      <UniqueIdentifier>{4FC737F1-C7A5-4376-A066-2A32D752A2FF}</UniqueIdentifier>
      <Extensions>cpp;c;cc;cxx;def;odl;idl;hpj;bat;asm;asmx</Extensions>
    </Filter>
    <Filter Include="Controller">
      <UniqueIdentifier>{53713b15-be22-43be-8854-749d04865e2c}</UniqueIdentifier>
    </Filter>
    <Filter Include="Model">
      <UniqueIdentifier>{d591ec99-d8aa-4c0f-a1df-84fe0895d50d}</UniqueIdentifier>
    </Filter>
    <Filter Include="View">
      <UniqueIdentifier>{b120eb1f-8ecf-4f7e-b109-17270c064e04}</UniqueIdentifier>
    </Filter>
  </ItemGroup>
  <ItemGroup>
    <ClCompile Include="Button.cpp">
      <Filter>View</Filter>
    </ClCompile>
    <ClCompile Include="GameInterface.cpp">
      <Filter>View</Filter>
    </ClCompile>
    <ClCompile Include="MenuInterface.cpp">
      <Filter>View</Filter>
    </ClCompile>
    <ClCompile Include="GCard.cpp">
      <Filter>View</Filter>
    </ClCompile>
    <ClCompile Include="Player.cpp">
      <Filter>Model</Filter>
    </ClCompile>
    <ClCompile Include="Game.cpp">
      <Filter>Model</Filter>
    </ClCompile>
    <ClCompile Include="Deck.cpp">
      <Filter>Model</Filter>
    </ClCompile>
    <ClCompile Include="Card.cpp">
      <Filter>Model</Filter>
    </ClCompile>
    <ClCompile Include="AI.cpp">
      <Filter>Model</Filter>
    </ClCompile>
    <ClCompile Include="main.cpp">
      <Filter>Source Files</Filter>
    </ClCompile>
    <ClCompile Include="Interface.cpp">
      <Filter>View</Filter>
    </ClCompile>
    <ClCompile Include="Controller.cpp">
      <Filter>Controller</Filter>
    </ClCompile>
  </ItemGroup>
  <ItemGroup>
    <ClInclude Include="Button.h">
      <Filter>View</Filter>
    </ClInclude>
    <ClInclude Include="GameInterface.h">
      <Filter>View</Filter>
    </ClInclude>
    <ClInclude Include="MenuInterface.h">
      <Filter>View</Filter>
    </ClInclude>
    <ClInclude Include="GCard.h">
      <Filter>View</Filter>
    </ClInclude>
    <ClInclude Include="AI.h">
      <Filter>Model</Filter>
    </ClInclude>
    <ClInclude Include="Card.h">
      <Filter>Model</Filter>
    </ClInclude>
    <ClInclude Include="Deck.h">
      <Filter>Model</Filter>
    </ClInclude>
    <ClInclude Include="Game.h">
      <Filter>Model</Filter>
    </ClInclude>
    <ClInclude Include="Interface.h">
      <Filter>Model</Filter>
    </ClInclude>
    <ClInclude Include="Player.h">
      <Filter>Model</Filter>
    </ClInclude>
    <ClInclude Include="Controller.h">
      <Filter>Controller</Filter>
    </ClInclude>
  </ItemGroup>
</Project>